# This file is automatically @generated by Cargo.
# It is not intended for manual editing.
version = 4

[[package]]
name = "pinocchio"
version = "0.10.1"
source = "registry+https://github.com/rust-lang/crates.io-index"
checksum = "dfad955b2fe8f736e1ea276ebb31820d778ee69c1161146054e9b31be2e73326"
dependencies = [
 "solana-account-view",
 "solana-address",
 "solana-define-syscall",
 "solana-instruction-view",
 "solana-program-error",
]

[[package]]
name = "solana-account-view"
version = "1.0.0"
source = "registry+https://github.com/rust-lang/crates.io-index"
checksum = "f37ca34c37f92ee341b73d5ce7c8ef5bb38e9a87955b4bd343c63fa18b149215"
dependencies = [
 "solana-address",
 "solana-program-error",
]

[[package]]
name = "solana-address"
version = "2.0.0"
source = "registry+https://github.com/rust-lang/crates.io-index"
checksum = "e37320fd2945c5d654b2c6210624a52d66c3f1f73b653ed211ab91a703b35bdd"
dependencies = [
 "solana-define-syscall",
 "solana-program-error",
]

[[package]]
name = "solana-define-syscall"
version = "4.0.1"
source = "registry+https://github.com/rust-lang/crates.io-index"
checksum = "57e5b1c0bc1d4a4d10c88a4100499d954c09d3fecfae4912c1a074dff68b1738"

[[package]]
name = "solana-instruction-view"
version = "1.0.0"
source = "registry+https://github.com/rust-lang/crates.io-index"
checksum = "60147e4d0a4620013df40bf30a86dd299203ff12fcb8b593cd51014fce0875d8"
dependencies = [
 "solana-account-view",
 "solana-address",
 "solana-define-syscall",
 "solana-program-error",
]

[[package]]
name = "solana-noreplay"
version = "0.1.0"
dependencies = [
 "pinocchio",
]

[[package]]
name = "solana-program-error"
version = "3.0.0"
source = "registry+https://github.com/rust-lang/crates.io-index"
checksum = "a1af32c995a7b692a915bb7414d5f8e838450cf7c70414e763d8abcae7b51f28"
